// !$*UTF8*$!
{
	archiveVersion = 1;
	classes = {
	};
	objectVersion = 55;
	objects = {

/* Begin PBXBuildFile section */
		218A16A527EC9C2400196FBF /* AppDelegate.swift in Sources */ = {isa = PBXBuildFile; fileRef = 218A16A427EC9C2400196FBF /* AppDelegate.swift */; };
		218A16A727EC9C2400196FBF /* SceneDelegate.swift in Sources */ = {isa = PBXBuildFile; fileRef = 218A16A627EC9C2400196FBF /* SceneDelegate.swift */; };
		218A16A927EC9C2400196FBF /* ViewController.swift in Sources */ = {isa = PBXBuildFile; fileRef = 218A16A827EC9C2400196FBF /* ViewController.swift */; };
		218A16AC27EC9C2400196FBF /* Main.storyboard in Resources */ = {isa = PBXBuildFile; fileRef = 218A16AA27EC9C2400196FBF /* Main.storyboard */; };
		218A16AE27EC9C2500196FBF /* Assets.xcassets in Resources */ = {isa = PBXBuildFile; fileRef = 218A16AD27EC9C2500196FBF /* Assets.xcassets */; };
		218A16B127EC9C2500196FBF /* LaunchScreen.storyboard in Resources */ = {isa = PBXBuildFile; fileRef = 218A16AF27EC9C2500196FBF /* LaunchScreen.storyboard */; };
		218A16B927EC9E7800196FBF /* NetworkService.swift in Sources */ = {isa = PBXBuildFile; fileRef = 218A16B827EC9E7800196FBF /* NetworkService.swift */; };
		218A16BB27EC9FBD00196FBF /* ModelClasses.swift in Sources */ = {isa = PBXBuildFile; fileRef = 218A16BA27EC9FBD00196FBF /* ModelClasses.swift */; };
		219E7E9827F5E09D00A1A7B1 /* FavPhotosTableViewController.swift in Sources */ = {isa = PBXBuildFile; fileRef = 219E7E9727F5E09D00A1A7B1 /* FavPhotosTableViewController.swift */; };
		219E7E9B27F5E17200A1A7B1 /* photoDataModel.xcdatamodeld in Sources */ = {isa = PBXBuildFile; fileRef = 219E7E9927F5E17200A1A7B1 /* photoDataModel.xcdatamodeld */; };
		219E7E9D27F5E28500A1A7B1 /* CoreDataService.swift in Sources */ = {isa = PBXBuildFile; fileRef = 219E7E9C27F5E28500A1A7B1 /* CoreDataService.swift */; };
		219E7E9F27F5F03A00A1A7B1 /* imageViewController.swift in Sources */ = {isa = PBXBuildFile; fileRef = 219E7E9E27F5F03A00A1A7B1 /* imageViewController.swift */; };
/* End PBXBuildFile section */

/* Begin PBXFileReference section */
		218A16A127EC9C2400196FBF /* Mars_APIAPp.app */ = {isa = PBXFileReference; explicitFileType = wrapper.application; includeInIndex = 0; path = Mars_APIAPp.app; sourceTree = BUILT_PRODUCTS_DIR; };
		218A16A427EC9C2400196FBF /* AppDelegate.swift */ = {isa = PBXFileReference; lastKnownFileType = sourcecode.swift; path = AppDelegate.swift; sourceTree = "<group>"; };
		218A16A627EC9C2400196FBF /* SceneDelegate.swift */ = {isa = PBXFileReference; lastKnownFileType = sourcecode.swift; path = SceneDelegate.swift; sourceTree = "<group>"; };
		218A16A827EC9C2400196FBF /* ViewController.swift */ = {isa = PBXFileReference; lastKnownFileType = sourcecode.swift; path = ViewController.swift; sourceTree = "<group>"; };
		218A16AB27EC9C2400196FBF /* Base */ = {isa = PBXFileReference; lastKnownFileType = file.storyboard; name = Base; path = Base.lproj/Main.storyboard; sourceTree = "<group>"; };
		218A16AD27EC9C2500196FBF /* Assets.xcassets */ = {isa = PBXFileReference; lastKnownFileType = folder.assetcatalog; path = Assets.xcassets; sourceTree = "<group>"; };
		218A16B027EC9C2500196FBF /* Base */ = {isa = PBXFileReference; lastKnownFileType = file.storyboard; name = Base; path = Base.lproj/LaunchScreen.storyboard; sourceTree = "<group>"; };
		218A16B227EC9C2500196FBF /* Info.plist */ = {isa = PBXFileReference; lastKnownFileType = text.plist.xml; path = Info.plist; sourceTree = "<group>"; };
		218A16B827EC9E7800196FBF /* NetworkService.swift */ = {isa = PBXFileReference; lastKnownFileType = sourcecode.swift; path = NetworkService.swift; sourceTree = "<group>"; };
		218A16BA27EC9FBD00196FBF /* ModelClasses.swift */ = {isa = PBXFileReference; lastKnownFileType = sourcecode.swift; path = ModelClasses.swift; sourceTree = "<group>"; };
		219E7E9727F5E09D00A1A7B1 /* FavPhotosTableViewController.swift */ = {isa = PBXFileReference; lastKnownFileType = sourcecode.swift; path = FavPhotosTableViewController.swift; sourceTree = "<group>"; };
		219E7E9A27F5E17200A1A7B1 /* photoDataModel.xcdatamodel */ = {isa = PBXFileReference; lastKnownFileType = wrapper.xcdatamodel; path = photoDataModel.xcdatamodel; sourceTree = "<group>"; };
		219E7E9C27F5E28500A1A7B1 /* CoreDataService.swift */ = {isa = PBXFileReference; lastKnownFileType = sourcecode.swift; path = CoreDataService.swift; sourceTree = "<group>"; };
		219E7E9E27F5F03A00A1A7B1 /* imageViewController.swift */ = {isa = PBXFileReference; lastKnownFileType = sourcecode.swift; path = imageViewController.swift; sourceTree = "<group>"; };
/* End PBXFileReference section */

/* Begin PBXFrameworksBuildPhase section */
		218A169E27EC9C2400196FBF /* Frameworks */ = {
			isa = PBXFrameworksBuildPhase;
			buildActionMask = 2147483647;
			files = (
			);
			runOnlyForDeploymentPostprocessing = 0;
		};
/* End PBXFrameworksBuildPhase section */

/* Begin PBXGroup section */
		218A169827EC9C2400196FBF = {
			isa = PBXGroup;
			children = (
				218A16A327EC9C2400196FBF /* Mars_APIAPp */,
				218A16A227EC9C2400196FBF /* Products */,
			);
			sourceTree = "<group>";
		};
		218A16A227EC9C2400196FBF /* Products */ = {
			isa = PBXGroup;
			children = (
				218A16A127EC9C2400196FBF /* Mars_APIAPp.app */,
			);
			name = Products;
			sourceTree = "<group>";
		};
		218A16A327EC9C2400196FBF /* Mars_APIAPp */ = {
			isa = PBXGroup;
			children = (
				218A16A427EC9C2400196FBF /* AppDelegate.swift */,
				218A16A627EC9C2400196FBF /* SceneDelegate.swift */,
				218A16A827EC9C2400196FBF /* ViewController.swift */,
				218A16AA27EC9C2400196FBF /* Main.storyboard */,
				218A16AD27EC9C2500196FBF /* Assets.xcassets */,
				218A16AF27EC9C2500196FBF /* LaunchScreen.storyboard */,
				218A16B227EC9C2500196FBF /* Info.plist */,
				218A16B827EC9E7800196FBF /* NetworkService.swift */,
				218A16BA27EC9FBD00196FBF /* ModelClasses.swift */,
				219E7E9727F5E09D00A1A7B1 /* FavPhotosTableViewController.swift */,
				219E7E9927F5E17200A1A7B1 /* photoDataModel.xcdatamodeld */,
				219E7E9C27F5E28500A1A7B1 /* CoreDataService.swift */,
				219E7E9E27F5F03A00A1A7B1 /* imageViewController.swift */,
			);
			path = Mars_APIAPp;
			sourceTree = "<group>";
		};
/* End PBXGroup section */

/* Begin PBXNativeTarget section */
		218A16A027EC9C2400196FBF /* Mars_APIAPp */ = {
			isa = PBXNativeTarget;
			buildConfigurationList = 218A16B527EC9C2500196FBF /* Build configuration list for PBXNativeTarget "Mars_APIAPp" */;
			buildPhases = (
				218A169D27EC9C2400196FBF /* Sources */,
				218A169E27EC9C2400196FBF /* Frameworks */,
				218A169F27EC9C2400196FBF /* Resources */,
			);
			buildRules = (
			);
			dependencies = (
			);
			name = Mars_APIAPp;
			productName = Mars_APIAPp;
			productReference = 218A16A127EC9C2400196FBF /* Mars_APIAPp.app */;
			productType = "com.apple.product-type.application";
		};
/* End PBXNativeTarget section */

/* Begin PBXProject section */
		218A169927EC9C2400196FBF /* Project object */ = {
			isa = PBXProject;
			attributes = {
				BuildIndependentTargetsInParallel = 1;
				LastSwiftUpdateCheck = 1330;
				LastUpgradeCheck = 1330;
				TargetAttributes = {
					218A16A027EC9C2400196FBF = {
						CreatedOnToolsVersion = 13.3;
					};
				};
			};
			buildConfigurationList = 218A169C27EC9C2400196FBF /* Build configuration list for PBXProject "Mars_APIAPp" */;
			compatibilityVersion = "Xcode 13.0";
			developmentRegion = en;
			hasScannedForEncodings = 0;
			knownRegions = (
				en,
				Base,
			);
			mainGroup = 218A169827EC9C2400196FBF;
			productRefGroup = 218A16A227EC9C2400196FBF /* Products */;
			projectDirPath = "";
			projectRoot = "";
			targets = (
				218A16A027EC9C2400196FBF /* Mars_APIAPp */,
			);
		};
/* End PBXProject section */

/* Begin PBXResourcesBuildPhase section */
		218A169F27EC9C2400196FBF /* Resources */ = {
			isa = PBXResourcesBuildPhase;
			buildActionMask = 2147483647;
			files = (
				218A16B127EC9C2500196FBF /* LaunchScreen.storyboard in Resources */,
				218A16AE27EC9C2500196FBF /* Assets.xcassets in Resources */,
				218A16AC27EC9C2400196FBF /* Main.storyboard in Resources */,
			);
			runOnlyForDeploymentPostprocessing = 0;
		};
/* End PBXResourcesBuildPhase section */

/* Begin PBXSourcesBuildPhase section */
		218A169D27EC9C2400196FBF /* Sources */ = {
			isa = PBXSourcesBuildPhase;
			buildActionMask = 2147483647;
			files = (
				219E7E9F27F5F03A00A1A7B1 /* imageViewController.swift in Sources */,
				218A16A927EC9C2400196FBF /* ViewController.swift in Sources */,
				218A16BB27EC9FBD00196FBF /* ModelClasses.swift in Sources */,
				218A16A527EC9C2400196FBF /* AppDelegate.swift in Sources */,
				219E7E9B27F5E17200A1A7B1 /* photoDataModel.xcdatamodeld in Sources */,
				219E7E9D27F5E28500A1A7B1 /* CoreDataService.swift in Sources */,
				218A16B927EC9E7800196FBF /* NetworkService.swift in Sources */,
				219E7E9827F5E09D00A1A7B1 /* FavPhotosTableViewController.swift in Sources */,
				218A16A727EC9C2400196FBF /* SceneDelegate.swift in Sources */,
			);
			runOnlyForDeploymentPostprocessing = 0;
		};
/* End PBXSourcesBuildPhase section */

/* Begin PBXVariantGroup section */
		218A16AA27EC9C2400196FBF /* Main.storyboard */ = {
			isa = PBXVariantGroup;
			children = (
				218A16AB27EC9C2400196FBF /* Base */,
			);
			name = Main.storyboard;
			sourceTree = "<group>";
		};
		218A16AF27EC9C2500196FBF /* LaunchScreen.storyboard */ = {
			isa = PBXVariantGroup;
			children = (
				218A16B027EC9C2500196FBF /* Base */,
			);
			name = LaunchScreen.storyboard;
			sourceTree = "<group>";
		};
/* End PBXVariantGroup section */

/* Begin XCBuildConfiguration section */
		218A16B327EC9C2500196FBF /* Debug */ = {
			isa = XCBuildConfiguration;
			buildSettings = {
				ALWAYS_SEARCH_USER_PATHS = NO;
				CLANG_ANALYZER_NONNULL = YES;
				CLANG_ANALYZER_NUMBER_OBJECT_CONVERSION = YES_AGGRESSIVE;
				CLANG_CXX_LANGUAGE_STANDARD = "gnu++17";
				CLANG_ENABLE_MODULES = YES;
				CLANG_ENABLE_OBJC_ARC = YES;
				CLANG_ENABLE_OBJC_WEAK = YES;
				CLANG_WARN_BLOCK_CAPTURE_AUTORELEASING = YES;
				CLANG_WARN_BOOL_CONVERSION = YES;
				CLANG_WARN_COMMA = YES;
				CLANG_WARN_CONSTANT_CONVERSION = YES;
				CLANG_WARN_DEPRECATED_OBJC_IMPLEMENTATIONS = YES;
				CLANG_WARN_DIRECT_OBJC_ISA_USAGE = YES_ERROR;
				CLANG_WARN_DOCUMENTATION_COMMENTS = YES;
				CLANG_WARN_EMPTY_BODY = YES;
				CLANG_WARN_ENUM_CONVERSION = YES;
				CLANG_WARN_INFINITE_RECURSION = YES;
				CLANG_WARN_INT_CONVERSION = YES;
				CLANG_WARN_NON_LITERAL_NULL_CONVERSION = YES;
				CLANG_WARN_OBJC_IMPLICIT_RETAIN_SELF = YES;
				CLANG_WARN_OBJC_LITERAL_CONVERSION = YES;
				CLANG_WARN_OBJC_ROOT_CLASS = YES_ERROR;
				CLANG_WARN_QUOTED_INCLUDE_IN_FRAMEWORK_HEADER = YES;
				CLANG_WARN_RANGE_LOOP_ANALYSIS = YES;
				CLANG_WARN_STRICT_PROTOTYPES = YES;
				CLANG_WARN_SUSPICIOUS_MOVE = YES;
				CLANG_WARN_UNGUARDED_AVAILABILITY = YES_AGGRESSIVE;
				CLANG_WARN_UNREACHABLE_CODE = YES;
				CLANG_WARN__DUPLICATE_METHOD_MATCH = YES;
				COPY_PHASE_STRIP = NO;
				DEBUG_INFORMATION_FORMAT = dwarf;
				ENABLE_STRICT_OBJC_MSGSEND = YES;
				ENABLE_TESTABILITY = YES;
				GCC_C_LANGUAGE_STANDARD = gnu11;
				GCC_DYNAMIC_NO_PIC = NO;
				GCC_NO_COMMON_BLOCKS = YES;
				GCC_OPTIMIZATION_LEVEL = 0;
				GCC_PREPROCESSOR_DEFINITIONS = (
					"DEBUG=1",
					"$(inherited)",
				);
				GCC_WARN_64_TO_32_BIT_CONVERSION = YES;
				GCC_WARN_ABOUT_RETURN_TYPE = YES_ERROR;
				GCC_WARN_UNDECLARED_SELECTOR = YES;
				GCC_WARN_UNINITIALIZED_AUTOS = YES_AGGRESSIVE;
				GCC_WARN_UNUSED_FUNCTION = YES;
				GCC_WARN_UNUSED_VARIABLE = YES;
				IPHONEOS_DEPLOYMENT_TARGET = 15.4;
				MTL_ENABLE_DEBUG_INFO = INCLUDE_SOURCE;
				MTL_FAST_MATH = YES;
				ONLY_ACTIVE_ARCH = YES;
				SDKROOT = iphoneos;
				SWIFT_ACTIVE_COMPILATION_CONDITIONS = DEBUG;
				SWIFT_OPTIMIZATION_LEVEL = "-Onone";
			};
			name = Debug;
		};
		218A16B427EC9C2500196FBF /* Release */ = {
			isa = XCBuildConfiguration;
			buildSettings = {
				ALWAYS_SEARCH_USER_PATHS = NO;
				CLANG_ANALYZER_NONNULL = YES;
				CLANG_ANALYZER_NUMBER_OBJECT_CONVERSION = YES_AGGRESSIVE;
				CLANG_CXX_LANGUAGE_STANDARD = "gnu++17";
				CLANG_ENABLE_MODULES = YES;
				CLANG_ENABLE_OBJC_ARC = YES;
				CLANG_ENABLE_OBJC_WEAK = YES;
				CLANG_WARN_BLOCK_CAPTURE_AUTORELEASING = YES;
				CLANG_WARN_BOOL_CONVERSION = YES;
				CLANG_WARN_COMMA = YES;
				CLANG_WARN_CONSTANT_CONVERSION = YES;
				CLANG_WARN_DEPRECATED_OBJC_IMPLEMENTATIONS = YES;
				CLANG_WARN_DIRECT_OBJC_ISA_USAGE = YES_ERROR;
				CLANG_WARN_DOCUMENTATION_COMMENTS = YES;
				CLANG_WARN_EMPTY_BODY = YES;
				CLANG_WARN_ENUM_CONVERSION = YES;
				CLANG_WARN_INFINITE_RECURSION = YES;
				CLANG_WARN_INT_CONVERSION = YES;
				CLANG_WARN_NON_LITERAL_NULL_CONVERSION = YES;
				CLANG_WARN_OBJC_IMPLICIT_RETAIN_SELF = YES;
				CLANG_WARN_OBJC_LITERAL_CONVERSION = YES;
				CLANG_WARN_OBJC_ROOT_CLASS = YES_ERROR;
				CLANG_WARN_QUOTED_INCLUDE_IN_FRAMEWORK_HEADER = YES;
				CLANG_WARN_RANGE_LOOP_ANALYSIS = YES;
				CLANG_WARN_STRICT_PROTOTYPES = YES;
				CLANG_WARN_SUSPICIOUS_MOVE = YES;
				CLANG_WARN_UNGUARDED_AVAILABILITY = YES_AGGRESSIVE;
				CLANG_WARN_UNREACHABLE_CODE = YES;
				CLANG_WARN__DUPLICATE_METHOD_MATCH = YES;
				COPY_PHASE_STRIP = NO;
				DEBUG_INFORMATION_FORMAT = "dwarf-with-dsym";
				ENABLE_NS_ASSERTIONS = NO;
				ENABLE_STRICT_OBJC_MSGSEND = YES;
				GCC_C_LANGUAGE_STANDARD = gnu11;
				GCC_NO_COMMON_BLOCKS = YES;
				GCC_WARN_64_TO_32_BIT_CONVERSION = YES;
				GCC_WARN_ABOUT_RETURN_TYPE = YES_ERROR;
				GCC_WARN_UNDECLARED_SELECTOR = YES;
				GCC_WARN_UNINITIALIZED_AUTOS = YES_AGGRESSIVE;
				GCC_WARN_UNUSED_FUNCTION = YES;
				GCC_WARN_UNUSED_VARIABLE = YES;
				IPHONEOS_DEPLOYMENT_TARGET = 15.4;
				MTL_ENABLE_DEBUG_INFO = NO;
				MTL_FAST_MATH = YES;
				SDKROOT = iphoneos;
				SWIFT_COMPILATION_MODE = wholemodule;
				SWIFT_OPTIMIZATION_LEVEL = "-O";
				VALIDATE_PRODUCT = YES;
			};
			name = Release;
		};
		218A16B627EC9C2500196FBF /* Debug */ = {
			isa = XCBuildConfiguration;
			buildSettings = {
				ASSETCATALOG_COMPILER_APPICON_NAME = AppIcon;
				ASSETCATALOG_COMPILER_GLOBAL_ACCENT_COLOR_NAME = AccentColor;
				CODE_SIGN_STYLE = Automatic;
				CURRENT_PROJECT_VERSION = 1;
				GENERATE_INFOPLIST_FILE = YES;
				INFOPLIST_FILE = Mars_APIAPp/Info.plist;
				INFOPLIST_KEY_UIApplicationSupportsIndirectInputEvents = YES;
				INFOPLIST_KEY_UILaunchStoryboardName = LaunchScreen;
				INFOPLIST_KEY_UIMainStoryboardFile = Main;
				INFOPLIST_KEY_UISupportedInterfaceOrientations_iPad = "UIInterfaceOrientationPortrait UIInterfaceOrientationPortraitUpsideDown UIInterfaceOrientationLandscapeLeft UIInterfaceOrientationLandscapeRight";
				INFOPLIST_KEY_UISupportedInterfaceOrientations_iPhone = "UIInterfaceOrientationPortrait UIInterfaceOrientationLandscapeLeft UIInterfaceOrientationLandscapeRight";
				LD_RUNPATH_SEARCH_PATHS = (
					"$(inherited)",
					"@executable_path/Frameworks",
				);
				MARKETING_VERSION = 1.0;
				PRODUCT_BUNDLE_IDENTIFIER = "ca.humber.Mars-APIAPp";
				PRODUCT_NAME = "$(TARGET_NAME)";
				SWIFT_EMIT_LOC_STRINGS = YES;
				SWIFT_VERSION = 5.0;
				TARGETED_DEVICE_FAMILY = "1,2";
			};
			name = Debug;
		};
		218A16B727EC9C2500196FBF /* Release */ = {
			isa = XCBuildConfiguration;
			buildSettings = {
				ASSETCATALOG_COMPILER_APPICON_NAME = AppIcon;
				ASSETCATALOG_COMPILER_GLOBAL_ACCENT_COLOR_NAME = AccentColor;
				CODE_SIGN_STYLE = Automatic;
				CURRENT_PROJECT_VERSION = 1;
				GENERATE_INFOPLIST_FILE = YES;
				INFOPLIST_FILE = Mars_APIAPp/Info.plist;
				INFOPLIST_KEY_UIApplicationSupportsIndirectInputEvents = YES;
				INFOPLIST_KEY_UILaunchStoryboardName = LaunchScreen;
				INFOPLIST_KEY_UIMainStoryboardFile = Main;
				INFOPLIST_KEY_UISupportedInterfaceOrientations_iPad = "UIInterfaceOrientationPortrait UIInterfaceOrientationPortraitUpsideDown UIInterfaceOrientationLandscapeLeft UIInterfaceOrientationLandscapeRight";
				INFOPLIST_KEY_UISupportedInterfaceOrientations_iPhone = "UIInterfaceOrientationPortrait UIInterfaceOrientationLandscapeLeft UIInterfaceOrientationLandscapeRight";
				LD_RUNPATH_SEARCH_PATHS = (
					"$(inherited)",
					"@executable_path/Frameworks",
				);
				MARKETING_VERSION = 1.0;
				PRODUCT_BUNDLE_IDENTIFIER = "ca.humber.Mars-APIAPp";
				PRODUCT_NAME = "$(TARGET_NAME)";
				SWIFT_EMIT_LOC_STRINGS = YES;
				SWIFT_VERSION = 5.0;
				TARGETED_DEVICE_FAMILY = "1,2";
			};
			name = Release;
		};
/* End XCBuildConfiguration section */

/* Begin XCConfigurationList section */
		218A169C27EC9C2400196FBF /* Build configuration list for PBXProject "Mars_APIAPp" */ = {
			isa = XCConfigurationList;
			buildConfigurations = (
				218A16B327EC9C2500196FBF /* Debug */,
				218A16B427EC9C2500196FBF /* Release */,
			);
			defaultConfigurationIsVisible = 0;
			defaultConfigurationName = Release;
		};
		218A16B527EC9C2500196FBF /* Build configuration list for PBXNativeTarget "Mars_APIAPp" */ = {
			isa = XCConfigurationList;
			buildConfigurations = (
				218A16B627EC9C2500196FBF /* Debug */,
				218A16B727EC9C2500196FBF /* Release */,
			);
			defaultConfigurationIsVisible = 0;
			defaultConfigurationName = Release;
		};
/* End XCConfigurationList section */

/* Begin XCVersionGroup section */
		219E7E9927F5E17200A1A7B1 /* photoDataModel.xcdatamodeld */ = {
			isa = XCVersionGroup;
			children = (
				219E7E9A27F5E17200A1A7B1 /* photoDataModel.xcdatamodel */,
			);
			currentVersion = 219E7E9A27F5E17200A1A7B1 /* photoDataModel.xcdatamodel */;
			path = photoDataModel.xcdatamodeld;
			sourceTree = "<group>";
			versionGroupType = wrapper.xcdatamodel;
		};
/* End XCVersionGroup section */
	};
	rootObject = 218A169927EC9C2400196FBF /* Project object */;
}
